
Microsoft Visual Studio Solution File, Format Version 12.00
# Visual Studio Version 17
VisualStudioVersion = 17.10.35013.160
MinimumVisualStudioVersion = 10.0.40219.1
Project("{9A19103F-16F7-4668-BE54-9A1E7A4F7556}") = "ProductMangementApi", "ProductMangementApi\ProductMangementApi.csproj", "{C3B60A76-478E-43DB-B2A2-E8D9E821F06D}"
EndProject
Project("{9A19103F-16F7-4668-BE54-9A1E7A4F7556}") = "ProductManagementWebApp", "ProductManagementWebApp\ProductManagementWebApp.csproj", "{C99766B4-5565-47A6-A157-99EFC2B1510C}"
EndProject
Global
	GlobalSection(SolutionConfigurationPlatforms) = preSolution
		Debug|Any CPU = Debug|Any CPU
		Release|Any CPU = Release|Any CPU
	EndGlobalSection
	GlobalSection(ProjectConfigurationPlatforms) = postSolution
		{C3B60A76-478E-43DB-B2A2-E8D9E821F06D}.Debug|Any CPU.ActiveCfg = Debug|Any CPU
		{C3B60A76-478E-43DB-B2A2-E8D9E821F06D}.Debug|Any CPU.Build.0 = Debug|Any CPU
		{C3B60A76-478E-43DB-B2A2-E8D9E821F06D}.Release|Any CPU.ActiveCfg = Release|Any CPU
		{C3B60A76-478E-43DB-B2A2-E8D9E821F06D}.Release|Any CPU.Build.0 = Release|Any CPU
		{C99766B4-5565-47A6-A157-99EFC2B1510C}.Debug|Any CPU.ActiveCfg = Debug|Any CPU
		{C99766B4-5565-47A6-A157-99EFC2B1510C}.Debug|Any CPU.Build.0 = Debug|Any CPU
		{C99766B4-5565-47A6-A157-99EFC2B1510C}.Release|Any CPU.ActiveCfg = Release|Any CPU
		{C99766B4-5565-47A6-A157-99EFC2B1510C}.Release|Any CPU.Build.0 = Release|Any CPU
	EndGlobalSection
	GlobalSection(SolutionProperties) = preSolution
		HideSolutionNode = FALSE
	EndGlobalSection
	GlobalSection(ExtensibilityGlobals) = postSolution
		SolutionGuid = {4D803ADD-585F-4483-AD4A-EC14D2E33BE4}
	EndGlobalSection
EndGlobal
